
Microsoft Visual Studio Solution File, Format Version 12.00
# Visual Studio Version 17
VisualStudioVersion = 17.11.35327.3
MinimumVisualStudioVersion = 10.0.40219.1
Project("{FAE04EC0-301F-11D3-BF4B-00C04F79EFBC}") = "Lexicon-Working-With-Text-2", "Lexicon-Working-With-Text-2\Lexicon-Working-With-Text-2.csproj", "{B7538D51-AF2C-43ED-832C-649CD335560C}"
EndProject
Global
	GlobalSection(SolutionConfigurationPlatforms) = preSolution
		Debug|Any CPU = Debug|Any CPU
		Release|Any CPU = Release|Any CPU
	EndGlobalSection
	GlobalSection(ProjectConfigurationPlatforms) = postSolution
		{B7538D51-AF2C-43ED-832C-649CD335560C}.Debug|Any CPU.ActiveCfg = Debug|Any CPU
		{B7538D51-AF2C-43ED-832C-649CD335560C}.Debug|Any CPU.Build.0 = Debug|Any CPU
		{B7538D51-AF2C-43ED-832C-649CD335560C}.Release|Any CPU.ActiveCfg = Release|Any CPU
		{B7538D51-AF2C-43ED-832C-649CD335560C}.Release|Any CPU.Build.0 = Release|Any CPU
	EndGlobalSection
	GlobalSection(SolutionProperties) = preSolution
		HideSolutionNode = FALSE
	EndGlobalSection
	GlobalSection(ExtensibilityGlobals) = postSolution
		SolutionGuid = {840F2253-AA75-4313-96CF-4E67994725D2}
	EndGlobalSection
EndGlobal
